
Microsoft Visual Studio Solution File, Format Version 12.00
# Visual Studio 15
VisualStudioVersion = 15.0.27703.2000
MinimumVisualStudioVersion = 10.0.40219.1
Project("{FAE04EC0-301F-11D3-BF4B-00C04F79EFBC}") = "AlifJobTest", "AlifJobTest\AlifJobTest.csproj", "{27247498-F7A2-4432-8DEE-909C438155DC}"
EndProject
Global
	GlobalSection(SolutionConfigurationPlatforms) = preSolution
		Debug|Any CPU = Debug|Any CPU
		Release|Any CPU = Release|Any CPU
	EndGlobalSection
	GlobalSection(ProjectConfigurationPlatforms) = postSolution
		{27247498-F7A2-4432-8DEE-909C438155DC}.Debug|Any CPU.ActiveCfg = Debug|Any CPU
		{27247498-F7A2-4432-8DEE-909C438155DC}.Debug|Any CPU.Build.0 = Debug|Any CPU
		{27247498-F7A2-4432-8DEE-909C438155DC}.Release|Any CPU.ActiveCfg = Release|Any CPU
		{27247498-F7A2-4432-8DEE-909C438155DC}.Release|Any CPU.Build.0 = Release|Any CPU
	EndGlobalSection
	GlobalSection(SolutionProperties) = preSolution
		HideSolutionNode = FALSE
	EndGlobalSection
	GlobalSection(ExtensibilityGlobals) = postSolution
		SolutionGuid = {90273C52-5E67-4895-BF01-6ECE66590F97}
	EndGlobalSection
EndGlobal
